{
  "name": "crudapp",
  "version": "1.0.0",
  "lockfileVersion": 3,
  "requires": true,
  "packages": {
    "": {
      "name": "crudapp",
      "version": "1.0.0",
      "dependencies": {
        "react": "^19.1.0",
        "react-dom": "^19.1.0",
        "react-hook-form": "^7.56.3",
        "react-router": "^7.5.3",
        "react-router-dom": "^7.5.3"
      },
      "devDependencies": {
        "@rsbuild/core": "^1.3.1",
        "@rsbuild/plugin-react": "^1.1.1"
      }
    },
    "node_modules/@module-federation/error-codes": {
      "version": "0.13.0",
      "resolved": "https://registry.npmjs.org/@module-federation/error-codes/-/error-codes-0.13.0.tgz",
      "integrity": "sha512-4soAMLr7qcVWuvCsyRmBbiBfuhxmnDeyl+qzjMx8VurQgL+XQDQJapM9RXngNGT4g8FoCq9o7rM5YWNgFFNUiw==",
      "dev": true,
      "license": "MIT"
    },
    "node_modules/@module-federation/runtime": {
      "version": "0.13.0",
      "resolved": "https://registry.npmjs.org/@module-federation/runtime/-/runtime-0.13.0.tgz",
      "integrity": "sha512-Ne/3AEVWz6LL6G/i41O5MC6YYlg0SatNNqG/0XbuMAfyGM+llRmB6VKt0o2+JR4isxWuPNp97TbUkkfORit6Eg==",
      "dev": true,
      "license": "MIT",
      "dependencies": {
        "@module-federation/error-codes": "0.13.0",
        "@module-federation/runtime-core": "0.13.0",
        "@module-federation/sdk": "0.13.0"
      }
    },
    "node_modules/@module-federation/runtime-core": {
      "version": "0.13.0",
      "resolved": "https://registry.npmjs.org/@module-federation/runtime-core/-/runtime-core-0.13.0.tgz",
      "integrity": "sha512-Oj/1p0mfxZ+8EbU7ND4gMvRmikFpIvPCbblOgat9N8ZIVAKYpTimCgMhzg4yRqAwzlGCVwnnW7XZ8UlA+Zqrvg==",
      "dev": true,
      "license": "MIT",
      "dependencies": {
        "@module-federation/error-codes": "0.13.0",
        "@module-federation/sdk": "0.13.0"
      }
    },
    "node_modules/@module-federation/runtime-tools": {
      "version": "0.13.0",
      "resolved": "https://registry.npmjs.org/@module-federation/runtime-tools/-/runtime-tools-0.13.0.tgz",
      "integrity": "sha512-6ECWX18yGrQKcmkrQoNPd5VEpxZP1SMaB/Bp55xlpEhsrpn4zHnriQluxDw6xldjSOLl1qbokfxwCwjS2OaEbg==",
      "dev": true,
      "license": "MIT",
      "dependencies": {
        "@module-federation/runtime": "0.13.0",
        "@module-federation/webpack-bundler-runtime": "0.13.0"
      }
    },
    "node_modules/@module-federation/sdk": {
      "version": "0.13.0",
      "resolved": "https://registry.npmjs.org/@module-federation/sdk/-/sdk-0.13.0.tgz",
      "integrity": "sha512-JdMZaPD+EQvMJYS+/8/8QjaAHQ3qljogvioXBsAuedcStu/msn5e1Fswc0G34kXY9ixs2hUPZU2cAllfSKWIBQ==",
      "dev": true,
      "license": "MIT"
    },
    "node_modules/@module-federation/webpack-bundler-runtime": {
      "version": "0.13.0",
      "resolved": "https://registry.npmjs.org/@module-federation/webpack-bundler-runtime/-/webpack-bundler-runtime-0.13.0.tgz",
      "integrity": "sha512-ycgAsFeCTo+3GR8JxkhCyg2UZm6Au98ISdLTdVXYphO4UDcO/KjqyJen1LXEslkpCEohDj68Prei2fUHRruK6g==",
      "dev": true,
      "license": "MIT",
      "dependencies": {
        "@module-federation/runtime": "0.13.0",
        "@module-federation/sdk": "0.13.0"
      }
    },
    "node_modules/@rsbuild/core": {
      "version": "1.3.15",
      "resolved": "https://registry.npmjs.org/@rsbuild/core/-/core-1.3.15.tgz",
      "integrity": "sha512-hI4gMzigWXaCkfmCYkxegindckQ6lcVsMcNR5qrPaWjtUC9KL6s/c1DK93J7Ui/LgkeLkBu0fMKfO8M/SDxqQQ==",
      "dev": true,
      "license": "MIT",
      "dependencies": {
        "@rspack/core": "1.3.8",
        "@rspack/lite-tapable": "~1.0.1",
        "@swc/helpers": "^0.5.17",
        "core-js": "~3.42.0",
        "jiti": "^2.4.2"
      },
      "bin": {
        "rsbuild": "bin/rsbuild.js"
      },
      "engines": {
        "node": ">=16.10.0"
      }
    },
    "node_modules/@rsbuild/plugin-react": {
      "version": "1.3.0",
      "resolved": "https://registry.npmjs.org/@rsbuild/plugin-react/-/plugin-react-1.3.0.tgz",
      "integrity": "sha512-3LxUoRTGDH9KB5ol5+4792DFJU5w3PKCcbF9QVRbL2Ma31WP/cEETTN7m5uZYyUZN/hOwrxU+ueRNNKD3XtaYQ==",
      "dev": true,
      "license": "MIT",
      "dependencies": {
        "@rspack/plugin-react-refresh": "~1.4.1",
        "react-refresh": "^0.17.0"
      },
      "peerDependencies": {
        "@rsbuild/core": "1.x"
      }
    },
    "node_modules/@rspack/binding": {
      "version": "1.3.8",
      "resolved": "https://registry.npmjs.org/@rspack/binding/-/binding-1.3.8.tgz",
      "integrity": "sha512-0oGrPgnwDsrDN7Swk7OZGvee8y/AdvDXF3f1QewkueJ5uyDaGszDxipEpf644HWIcj11fgNJQEphGEhaAVjofw==",
      "dev": true,
      "license": "MIT",
      "optionalDependencies": {
        "@rspack/binding-darwin-arm64": "1.3.8",
        "@rspack/binding-darwin-x64": "1.3.8",
        "@rspack/binding-linux-arm64-gnu": "1.3.8",
        "@rspack/binding-linux-arm64-musl": "1.3.8",
        "@rspack/binding-linux-x64-gnu": "1.3.8",
        "@rspack/binding-linux-x64-musl": "1.3.8",
        "@rspack/binding-win32-arm64-msvc": "1.3.8",
        "@rspack/binding-win32-ia32-msvc": "1.3.8",
        "@rspack/binding-win32-x64-msvc": "1.3.8"
      }
    },
    "node_modules/@rspack/binding-darwin-arm64": {
      "version": "1.3.8",
      "resolved": "https://registry.npmjs.org/@rspack/binding-darwin-arm64/-/binding-darwin-arm64-1.3.8.tgz",
      "integrity": "sha512-FlfWZzwCxDfLwyiqGaCSINHt2Er1Wno9xZrf2QM7Ss00HyocPo4BUYGYBEi4dai/fPFoeYKeEAdsNdrVmFH4+g==",
      "cpu": [
        "arm64"
      ],
      "dev": true,
      "license": "MIT",
      "optional": true,
      "os": [
        "darwin"
      ]
    },
    "node_modules/@rspack/binding-darwin-x64": {
      "version": "1.3.8",
      "resolved": "https://registry.npmjs.org/@rspack/binding-darwin-x64/-/binding-darwin-x64-1.3.8.tgz",
      "integrity": "sha512-IGXDKHDHiL7WxE/OZMaeIuHzqOzDam3k8WrseHAdl5upKvCp/snwwGdulB/rqGxwkQIXIsv105vIFbGOAe2g0A==",
      "cpu": [
        "x64"
      ],
      "dev": true,
      "license": "MIT",
      "optional": true,
      "os": [
        "darwin"
      ]
    },
    "node_modules/@rspack/binding-linux-arm64-gnu": {
      "version": "1.3.8",
      "resolved": "https://registry.npmjs.org/@rspack/binding-linux-arm64-gnu/-/binding-linux-arm64-gnu-1.3.8.tgz",
      "integrity": "sha512-PU9fv8knPvbxQb8NrDmTrLVpy8QY0vuhzk69/ZuLRW89c0P14HovYeHV+38cQHho4++avUQgVp6vnJI9vSQjtg==",
      "cpu": [
        "arm64"
      ],
      "dev": true,
      "license": "MIT",
      "optional": true,
      "os": [
        "linux"
      ]
    },
    "node_modules/@rspack/binding-linux-arm64-musl": {
      "version": "1.3.8",
      "resolved": "https://registry.npmjs.org/@rspack/binding-linux-arm64-musl/-/binding-linux-arm64-musl-1.3.8.tgz",
      "integrity": "sha512-UMZBuTw5iXeA6gmtZYQvAb7g56odfoIkU6YvfqV67AMU0EY2y52sc7ABFloDzURJ1xd2om01Nlru8y48S2lMPw==",
      "cpu": [
        "arm64"
      ],
      "dev": true,
      "license": "MIT",
      "optional": true,
      "os": [
        "linux"
      ]
    },
    "node_modules/@rspack/binding-linux-x64-gnu": {
      "version": "1.3.8",
      "resolved": "https://registry.npmjs.org/@rspack/binding-linux-x64-gnu/-/binding-linux-x64-gnu-1.3.8.tgz",
      "integrity": "sha512-48hfwVsD2/Caa0HgZiqE1T20H89cnomcaP92++x8t4IQ2uKA9xCeBW87RD/AaKXcb78aM987ctE+asKjN8OVjw==",
      "cpu": [
        "x64"
      ],
      "dev": true,
      "license": "MIT",
      "optional": true,
      "os": [
        "linux"
      ]
    },
    "node_modules/@rspack/binding-linux-x64-musl": {
      "version": "1.3.8",
      "resolved": "https://registry.npmjs.org/@rspack/binding-linux-x64-musl/-/binding-linux-x64-musl-1.3.8.tgz",
      "integrity": "sha512-Jx+JlVnLzzVL/62NbEFaVcM2HU4QtNEF+wzo+yODNprx78ZLe3PJT/LdtwLMvE77K2PlGn5CZcmBay6Xwkd/2A==",
      "cpu": [
        "x64"
      ],
      "dev": true,
      "license": "MIT",
      "optional": true,
      "os": [
        "linux"
      ]
    },
    "node_modules/@rspack/binding-win32-arm64-msvc": {
      "version": "1.3.8",
      "resolved": "https://registry.npmjs.org/@rspack/binding-win32-arm64-msvc/-/binding-win32-arm64-msvc-1.3.8.tgz",
      "integrity": "sha512-84tifCsYhir/p5GH0knBOXtLpfRzIFDxF4nF4bHsuwaA1uqwyk0WlWGt4ZwRUtyzh0TN4cJdnqJl/f5209BdLw==",
      "cpu": [
        "arm64"
      ],
      "dev": true,
      "license": "MIT",
      "optional": true,
      "os": [
        "win32"
      ]
    },
    "node_modules/@rspack/binding-win32-ia32-msvc": {
      "version": "1.3.8",
      "resolved": "https://registry.npmjs.org/@rspack/binding-win32-ia32-msvc/-/binding-win32-ia32-msvc-1.3.8.tgz",
      "integrity": "sha512-Grrcfr95gRhJ7FbKtIxfhNAzSM+hvtD2jAMs9fmw/UrgiNsXeaWwJaYgImqHGirKIx8iygZ0t1q7ePIVM+SKMg==",
      "cpu": [
        "ia32"
      ],
      "dev": true,
      "license": "MIT",
      "optional": true,
      "os": [
        "win32"
      ]
    },
    "node_modules/@rspack/binding-win32-x64-msvc": {
      "version": "1.3.8",
      "resolved": "https://registry.npmjs.org/@rspack/binding-win32-x64-msvc/-/binding-win32-x64-msvc-1.3.8.tgz",
      "integrity": "sha512-wW+Ig3kVqcRcY+3mxZnruN4AdeJYjbEBd2zvheEAOvx/DC+xEQ6czvDXbZEZQQ9rU/znhuKl0Z+898q8l3LwzA==",
      "cpu": [
        "x64"
      ],
      "dev": true,
      "license": "MIT",
      "optional": true,
      "os": [
        "win32"
      ]
    },
    "node_modules/@rspack/core": {
      "version": "1.3.8",
      "resolved": "https://registry.npmjs.org/@rspack/core/-/core-1.3.8.tgz",
      "integrity": "sha512-1zefymDypUROYzGGNa553JR1Ah8En25npwSRIZCuZvfjo6nME6XvjkMxQwhjzMStoqRmFD9+nKUHSiN5jVWWyw==",
      "dev": true,
      "license": "MIT",
      "dependencies": {
        "@module-federation/runtime-tools": "0.13.0",
        "@rspack/binding": "1.3.8",
        "@rspack/lite-tapable": "1.0.1",
        "caniuse-lite": "^1.0.30001715"
      },
      "engines": {
        "node": ">=16.0.0"
      },
      "peerDependencies": {
        "@swc/helpers": ">=0.5.1"
      },
      "peerDependenciesMeta": {
        "@swc/helpers": {
          "optional": true
        }
      }
    },
    "node_modules/@rspack/lite-tapable": {
      "version": "1.0.1",
      "resolved": "https://registry.npmjs.org/@rspack/lite-tapable/-/lite-tapable-1.0.1.tgz",
      "integrity": "sha512-VynGOEsVw2s8TAlLf/uESfrgfrq2+rcXB1muPJYBWbsm1Oa6r5qVQhjA5ggM6z/coYPrsVMgovl3Ff7Q7OCp1w==",
      "dev": true,
      "license": "MIT",
      "engines": {
        "node": ">=16.0.0"
      }
    },
    "node_modules/@rspack/plugin-react-refresh": {
      "version": "1.4.1",
      "resolved": "https://registry.npmjs.org/@rspack/plugin-react-refresh/-/plugin-react-refresh-1.4.1.tgz",
      "integrity": "sha512-bRALP4qEauvrB7RcMQ95rUHu1dw19V6c6uYukUTpA2OZDyMHTQ9cpEe28kaDwH/xsAuDNuYqnUZOW3NdLO/q3A==",
      "dev": true,
      "license": "MIT",
      "dependencies": {
        "error-stack-parser": "^2.1.4",
        "html-entities": "^2.6.0"
      },
      "peerDependencies": {
        "react-refresh": ">=0.10.0 <1.0.0",
        "webpack-hot-middleware": "2.x"
      },
      "peerDependenciesMeta": {
        "webpack-hot-middleware": {
          "optional": true
        }
      }
    },
    "node_modules/@swc/helpers": {
      "version": "0.5.17",
      "resolved": "https://registry.npmjs.org/@swc/helpers/-/helpers-0.5.17.tgz",
      "integrity": "sha512-5IKx/Y13RsYd+sauPb2x+U/xZikHjolzfuDgTAl/Tdf3Q8rslRvC19NKDLgAJQ6wsqADk10ntlv08nPFw/gO/A==",
      "dev": true,
      "license": "Apache-2.0",
      "dependencies": {
        "tslib": "^2.8.0"
      }
    },
    "node_modules/caniuse-lite": {
      "version": "1.0.30001716",
      "resolved": "https://registry.npmjs.org/caniuse-lite/-/caniuse-lite-1.0.30001716.tgz",
      "integrity": "sha512-49/c1+x3Kwz7ZIWt+4DvK3aMJy9oYXXG6/97JKsnjdCk/6n9vVyWL8NAwVt95Lwt9eigI10Hl782kDfZUUlRXw==",
      "dev": true,
      "funding": [
        {
          "type": "opencollective",
          "url": "https://opencollective.com/browserslist"
        },
        {
          "type": "tidelift",
          "url": "https://tidelift.com/funding/github/npm/caniuse-lite"
        },
        {
          "type": "github",
          "url": "https://github.com/sponsors/ai"
        }
      ],
      "license": "CC-BY-4.0"
    },
    "node_modules/cookie": {
      "version": "1.0.2",
      "resolved": "https://registry.npmjs.org/cookie/-/cookie-1.0.2.tgz",
      "integrity": "sha512-9Kr/j4O16ISv8zBBhJoi4bXOYNTkFLOqSL3UDB0njXxCXNezjeyVrJyGOWtgfs/q2km1gwBcfH8q1yEGoMYunA==",
      "license": "MIT",
      "engines": {
        "node": ">=18"
      }
    },
    "node_modules/core-js": {
      "version": "3.42.0",
      "resolved": "https://registry.npmjs.org/core-js/-/core-js-3.42.0.tgz",
      "integrity": "sha512-Sz4PP4ZA+Rq4II21qkNqOEDTDrCvcANId3xpIgB34NDkWc3UduWj2dqEtN9yZIq8Dk3HyPI33x9sqqU5C8sr0g==",
      "dev": true,
      "hasInstallScript": true,
      "license": "MIT",
      "funding": {
        "type": "opencollective",
        "url": "https://opencollective.com/core-js"
      }
    },
    "node_modules/error-stack-parser": {
      "version": "2.1.4",
      "resolved": "https://registry.npmjs.org/error-stack-parser/-/error-stack-parser-2.1.4.tgz",
      "integrity": "sha512-Sk5V6wVazPhq5MhpO+AUxJn5x7XSXGl1R93Vn7i+zS15KDVxQijejNCrz8340/2bgLBjR9GtEG8ZVKONDjcqGQ==",
      "dev": true,
      "license": "MIT",
      "dependencies": {
        "stackframe": "^1.3.4"
      }
    },
    "node_modules/html-entities": {
      "version": "2.6.0",
      "resolved": "https://registry.npmjs.org/html-entities/-/html-entities-2.6.0.tgz",
      "integrity": "sha512-kig+rMn/QOVRvr7c86gQ8lWXq+Hkv6CbAH1hLu+RG338StTpE8Z0b44SDVaqVu7HGKf27frdmUYEs9hTUX/cLQ==",
      "dev": true,
      "funding": [
        {
          "type": "github",
          "url": "https://github.com/sponsors/mdevils"
        },
        {
          "type": "patreon",
          "url": "https://patreon.com/mdevils"
        }
      ],
      "license": "MIT"
    },
    "node_modules/jiti": {
      "version": "2.4.2",
      "resolved": "https://registry.npmjs.org/jiti/-/jiti-2.4.2.tgz",
      "integrity": "sha512-rg9zJN+G4n2nfJl5MW3BMygZX56zKPNVEYYqq7adpmMh4Jn2QNEwhvQlFy6jPVdcod7txZtKHWnyZiA3a0zP7A==",
      "dev": true,
      "license": "MIT",
      "bin": {
        "jiti": "lib/jiti-cli.mjs"
      }
    },
    "node_modules/react": {
      "version": "19.1.0",
      "resolved": "https://registry.npmjs.org/react/-/react-19.1.0.tgz",
      "integrity": "sha512-FS+XFBNvn3GTAWq26joslQgWNoFu08F4kl0J4CgdNKADkdSGXQyTCnKteIAJy96Br6YbpEU1LSzV5dYtjMkMDg==",
      "license": "MIT",
      "engines": {
        "node": ">=0.10.0"
      }
    },
    "node_modules/react-dom": {
      "version": "19.1.0",
      "resolved": "https://registry.npmjs.org/react-dom/-/react-dom-19.1.0.tgz",
      "integrity": "sha512-Xs1hdnE+DyKgeHJeJznQmYMIBG3TKIHJJT95Q58nHLSrElKlGQqDTR2HQ9fx5CN/Gk6Vh/kupBTDLU11/nDk/g==",
      "license": "MIT",
      "dependencies": {
        "scheduler": "^0.26.0"
      },
      "peerDependencies": {
        "react": "^19.1.0"
      }
    },
    "node_modules/react-hook-form": {
      "version": "7.56.3",
      "resolved": "https://registry.npmjs.org/react-hook-form/-/react-hook-form-7.56.3.tgz",
      "integrity": "sha512-IK18V6GVbab4TAo1/cz3kqajxbDPGofdF0w7VHdCo0Nt8PrPlOZcuuDq9YYIV1BtjcX78x0XsldbQRQnQXWXmw==",
      "license": "MIT",
      "engines": {
        "node": ">=18.0.0"
      },
      "funding": {
        "type": "opencollective",
        "url": "https://opencollective.com/react-hook-form"
      },
      "peerDependencies": {
        "react": "^16.8.0 || ^17 || ^18 || ^19"
      }
    },
    "node_modules/react-refresh": {
      "version": "0.17.0",
      "resolved": "https://registry.npmjs.org/react-refresh/-/react-refresh-0.17.0.tgz",
      "integrity": "sha512-z6F7K9bV85EfseRCp2bzrpyQ0Gkw1uLoCel9XBVWPg/TjRj94SkJzUTGfOa4bs7iJvBWtQG0Wq7wnI0syw3EBQ==",
      "dev": true,
      "license": "MIT",
      "engines": {
        "node": ">=0.10.0"
      }
    },
    "node_modules/react-router": {
      "version": "7.5.3",
      "resolved": "https://registry.npmjs.org/react-router/-/react-router-7.5.3.tgz",
      "integrity": "sha512-3iUDM4/fZCQ89SXlDa+Ph3MevBrozBAI655OAfWQlTm9nBR0IKlrmNwFow5lPHttbwvITZfkeeeZFP6zt3F7pw==",
      "license": "MIT",
      "dependencies": {
        "cookie": "^1.0.1",
        "set-cookie-parser": "^2.6.0",
        "turbo-stream": "2.4.0"
      },
      "engines": {
        "node": ">=20.0.0"
      },
      "peerDependencies": {
        "react": ">=18",
        "react-dom": ">=18"
      },
      "peerDependenciesMeta": {
        "react-dom": {
          "optional": true
        }
      }
    },
    "node_modules/react-router-dom": {
      "version": "7.5.3",
      "resolved": "https://registry.npmjs.org/react-router-dom/-/react-router-dom-7.5.3.tgz",
      "integrity": "sha512-cK0jSaTyW4jV9SRKAItMIQfWZ/D6WEZafgHuuCb9g+SjhLolY78qc+De4w/Cz9ybjvLzShAmaIMEXt8iF1Cm+A==",
      "license": "MIT",
      "dependencies": {
        "react-router": "7.5.3"
      },
      "engines": {
        "node": ">=20.0.0"
      },
      "peerDependencies": {
        "react": ">=18",
        "react-dom": ">=18"
      }
    },
    "node_modules/scheduler": {
      "version": "0.26.0",
      "resolved": "https://registry.npmjs.org/scheduler/-/scheduler-0.26.0.tgz",
      "integrity": "sha512-NlHwttCI/l5gCPR3D1nNXtWABUmBwvZpEQiD4IXSbIDq8BzLIK/7Ir5gTFSGZDUu37K5cMNp0hFtzO38sC7gWA==",
      "license": "MIT"
    },
    "node_modules/set-cookie-parser": {
      "version": "2.7.1",
      "resolved": "https://registry.npmjs.org/set-cookie-parser/-/set-cookie-parser-2.7.1.tgz",
      "integrity": "sha512-IOc8uWeOZgnb3ptbCURJWNjWUPcO3ZnTTdzsurqERrP6nPyv+paC55vJM0LpOlT2ne+Ix+9+CRG1MNLlyZ4GjQ==",
      "license": "MIT"
    },
    "node_modules/stackframe": {
      "version": "1.3.4",
      "resolved": "https://registry.npmjs.org/stackframe/-/stackframe-1.3.4.tgz",
      "integrity": "sha512-oeVtt7eWQS+Na6F//S4kJ2K2VbRlS9D43mAlMyVpVWovy9o+jfgH8O9agzANzaiLjclA0oYzUXEM4PurhSUChw==",
      "dev": true,
      "license": "MIT"
    },
    "node_modules/tslib": {
      "version": "2.8.1",
      "resolved": "https://registry.npmjs.org/tslib/-/tslib-2.8.1.tgz",
      "integrity": "sha512-oJFu94HQb+KVduSUQL7wnpmqnfmLsOA/nAh6b6EH0wCEoK0/mPeXU6c3wKDV83MkOuHPRHtSXKKU99IBazS/2w==",
      "dev": true,
      "license": "0BSD"
    },
    "node_modules/turbo-stream": {
      "version": "2.4.0",
      "resolved": "https://registry.npmjs.org/turbo-stream/-/turbo-stream-2.4.0.tgz",
      "integrity": "sha512-FHncC10WpBd2eOmGwpmQsWLDoK4cqsA/UT/GqNoaKOQnT8uzhtCbg3EoUDMvqpOSAI0S26mr0rkjzbOO6S3v1g==",
      "license": "ISC"
    }
  }
}
